// !$*UTF8*$!
{
	archiveVersion = 1;
	classes = {
	};
	objectVersion = 50;
	objects = {

/* Begin PBXBuildFile section */
		6626061F2455A92900FDA490 /* AppDelegate.swift in Sources */ = {isa = PBXBuildFile; fileRef = 6626061E2455A92900FDA490 /* AppDelegate.swift */; };
		662606212455A92900FDA490 /* SceneDelegate.swift in Sources */ = {isa = PBXBuildFile; fileRef = 662606202455A92900FDA490 /* SceneDelegate.swift */; };
		662606232455A92900FDA490 /* MatrixManipulation.swift in Sources */ = {isa = PBXBuildFile; fileRef = 662606222455A92900FDA490 /* MatrixManipulation.swift */; };
		662606262455A92900FDA490 /* Main.storyboard in Resources */ = {isa = PBXBuildFile; fileRef = 662606242455A92900FDA490 /* Main.storyboard */; };
		662606282455A92B00FDA490 /* Assets.xcassets in Resources */ = {isa = PBXBuildFile; fileRef = 662606272455A92B00FDA490 /* Assets.xcassets */; };
		6626062B2455A92B00FDA490 /* LaunchScreen.storyboard in Resources */ = {isa = PBXBuildFile; fileRef = 662606292455A92B00FDA490 /* LaunchScreen.storyboard */; };
/* End PBXBuildFile section */

/* Begin PBXFileReference section */
		6626061B2455A92900FDA490 /* LinarcTask.app */ = {isa = PBXFileReference; explicitFileType = wrapper.application; includeInIndex = 0; path = LinarcTask.app; sourceTree = BUILT_PRODUCTS_DIR; };
		6626061E2455A92900FDA490 /* AppDelegate.swift */ = {isa = PBXFileReference; lastKnownFileType = sourcecode.swift; path = AppDelegate.swift; sourceTree = "<group>"; };
		662606202455A92900FDA490 /* SceneDelegate.swift */ = {isa = PBXFileReference; lastKnownFileType = sourcecode.swift; path = SceneDelegate.swift; sourceTree = "<group>"; };
		662606222455A92900FDA490 /* MatrixManipulation.swift */ = {isa = PBXFileReference; lastKnownFileType = sourcecode.swift; path = MatrixManipulation.swift; sourceTree = "<group>"; };
		662606252455A92900FDA490 /* Base */ = {isa = PBXFileReference; lastKnownFileType = file.storyboard; name = Base; path = Base.lproj/Main.storyboard; sourceTree = "<group>"; };
		662606272455A92B00FDA490 /* Assets.xcassets */ = {isa = PBXFileReference; lastKnownFileType = folder.assetcatalog; path = Assets.xcassets; sourceTree = "<group>"; };
		6626062A2455A92B00FDA490 /* Base */ = {isa = PBXFileReference; lastKnownFileType = file.storyboard; name = Base; path = Base.lproj/LaunchScreen.storyboard; sourceTree = "<group>"; };
		6626062C2455A92B00FDA490 /* Info.plist */ = {isa = PBXFileReference; lastKnownFileType = text.plist.xml; path = Info.plist; sourceTree = "<group>"; };
/* End PBXFileReference section */

/* Begin PBXFrameworksBuildPhase section */
		662606182455A92900FDA490 /* Frameworks */ = {
			isa = PBXFrameworksBuildPhase;
			buildActionMask = 2147483647;
			files = (
			);
			runOnlyForDeploymentPostprocessing = 0;
		};
/* End PBXFrameworksBuildPhase section */

/* Begin PBXGroup section */
		662606122455A92900FDA490 = {
			isa = PBXGroup;
			children = (
				6626061D2455A92900FDA490 /* LinarcTask */,
				6626061C2455A92900FDA490 /* Products */,
			);
			sourceTree = "<group>";
		};
		6626061C2455A92900FDA490 /* Products */ = {
			isa = PBXGroup;
			children = (
				6626061B2455A92900FDA490 /* LinarcTask.app */,
			);
			name = Products;
			sourceTree = "<group>";
		};
		6626061D2455A92900FDA490 /* LinarcTask */ = {
			isa = PBXGroup;
			children = (
				6626061E2455A92900FDA490 /* AppDelegate.swift */,
				662606202455A92900FDA490 /* SceneDelegate.swift */,
				662606222455A92900FDA490 /* MatrixManipulation.swift */,
				662606242455A92900FDA490 /* Main.storyboard */,
				662606272455A92B00FDA490 /* Assets.xcassets */,
				662606292455A92B00FDA490 /* LaunchScreen.storyboard */,
				6626062C2455A92B00FDA490 /* Info.plist */,
			);
			path = LinarcTask;
			sourceTree = "<group>";
		};
/* End PBXGroup section */

/* Begin PBXNativeTarget section */
		6626061A2455A92900FDA490 /* LinarcTask */ = {
			isa = PBXNativeTarget;
			buildConfigurationList = 6626062F2455A92B00FDA490 /* Build configuration list for PBXNativeTarget "LinarcTask" */;
			buildPhases = (
				662606172455A92900FDA490 /* Sources */,
				662606182455A92900FDA490 /* Frameworks */,
				662606192455A92900FDA490 /* Resources */,
			);
			buildRules = (
			);
			dependencies = (
			);
			name = LinarcTask;
			productName = LinarcTask;
			productReference = 6626061B2455A92900FDA490 /* LinarcTask.app */;
			productType = "com.apple.product-type.application";
		};
/* End PBXNativeTarget section */

/* Begin PBXProject section */
		662606132455A92900FDA490 /* Project object */ = {
			isa = PBXProject;
			attributes = {
				LastSwiftUpdateCheck = 1100;
				LastUpgradeCheck = 1100;
				ORGANIZATIONNAME = Manikandan;
				TargetAttributes = {
					6626061A2455A92900FDA490 = {
						CreatedOnToolsVersion = 11.0;
					};
				};
			};
			buildConfigurationList = 662606162455A92900FDA490 /* Build configuration list for PBXProject "LinarcTask" */;
			compatibilityVersion = "Xcode 9.3";
			developmentRegion = en;
			hasScannedForEncodings = 0;
			knownRegions = (
				en,
				Base,
			);
			mainGroup = 662606122455A92900FDA490;
			productRefGroup = 6626061C2455A92900FDA490 /* Products */;
			projectDirPath = "";
			projectRoot = "";
			targets = (
				6626061A2455A92900FDA490 /* LinarcTask */,
			);
		};
/* End PBXProject section */

/* Begin PBXResourcesBuildPhase section */
		662606192455A92900FDA490 /* Resources */ = {
			isa = PBXResourcesBuildPhase;
			buildActionMask = 2147483647;
			files = (
				6626062B2455A92B00FDA490 /* LaunchScreen.storyboard in Resources */,
				662606282455A92B00FDA490 /* Assets.xcassets in Resources */,
				662606262455A92900FDA490 /* Main.storyboard in Resources */,
			);
			runOnlyForDeploymentPostprocessing = 0;
		};
/* End PBXResourcesBuildPhase section */

/* Begin PBXSourcesBuildPhase section */
		662606172455A92900FDA490 /* Sources */ = {
			isa = PBXSourcesBuildPhase;
			buildActionMask = 2147483647;
			files = (
				662606232455A92900FDA490 /* MatrixManipulation.swift in Sources */,
				6626061F2455A92900FDA490 /* AppDelegate.swift in Sources */,
				662606212455A92900FDA490 /* SceneDelegate.swift in Sources */,
			);
			runOnlyForDeploymentPostprocessing = 0;
		};
/* End PBXSourcesBuildPhase section */

/* Begin PBXVariantGroup section */
		662606242455A92900FDA490 /* Main.storyboard */ = {
			isa = PBXVariantGroup;
			children = (
				662606252455A92900FDA490 /* Base */,
			);
			name = Main.storyboard;
			sourceTree = "<group>";
		};
		662606292455A92B00FDA490 /* LaunchScreen.storyboard */ = {
			isa = PBXVariantGroup;
			children = (
				6626062A2455A92B00FDA490 /* Base */,
			);
			name = LaunchScreen.storyboard;
			sourceTree = "<group>";
		};
/* End PBXVariantGroup section */

/* Begin XCBuildConfiguration section */
		6626062D2455A92B00FDA490 /* Debug */ = {
			isa = XCBuildConfiguration;
			buildSettings = {
				ALWAYS_SEARCH_USER_PATHS = NO;
				CLANG_ANALYZER_NONNULL = YES;
				CLANG_ANALYZER_NUMBER_OBJECT_CONVERSION = YES_AGGRESSIVE;
				CLANG_CXX_LANGUAGE_STANDARD = "gnu++14";
				CLANG_CXX_LIBRARY = "libc++";
				CLANG_ENABLE_MODULES = YES;
				CLANG_ENABLE_OBJC_ARC = YES;
				CLANG_ENABLE_OBJC_WEAK = YES;
				CLANG_WARN_BLOCK_CAPTURE_AUTORELEASING = YES;
				CLANG_WARN_BOOL_CONVERSION = YES;
				CLANG_WARN_COMMA = YES;
				CLANG_WARN_CONSTANT_CONVERSION = YES;
				CLANG_WARN_DEPRECATED_OBJC_IMPLEMENTATIONS = YES;
				CLANG_WARN_DIRECT_OBJC_ISA_USAGE = YES_ERROR;
				CLANG_WARN_DOCUMENTATION_COMMENTS = YES;
				CLANG_WARN_EMPTY_BODY = YES;
				CLANG_WARN_ENUM_CONVERSION = YES;
				CLANG_WARN_INFINITE_RECURSION = YES;
				CLANG_WARN_INT_CONVERSION = YES;
				CLANG_WARN_NON_LITERAL_NULL_CONVERSION = YES;
				CLANG_WARN_OBJC_IMPLICIT_RETAIN_SELF = YES;
				CLANG_WARN_OBJC_LITERAL_CONVERSION = YES;
				CLANG_WARN_OBJC_ROOT_CLASS = YES_ERROR;
				CLANG_WARN_RANGE_LOOP_ANALYSIS = YES;
				CLANG_WARN_STRICT_PROTOTYPES = YES;
				CLANG_WARN_SUSPICIOUS_MOVE = YES;
				CLANG_WARN_UNGUARDED_AVAILABILITY = YES_AGGRESSIVE;
				CLANG_WARN_UNREACHABLE_CODE = YES;
				CLANG_WARN__DUPLICATE_METHOD_MATCH = YES;
				COPY_PHASE_STRIP = NO;
				DEBUG_INFORMATION_FORMAT = dwarf;
				ENABLE_STRICT_OBJC_MSGSEND = YES;
				ENABLE_TESTABILITY = YES;
				GCC_C_LANGUAGE_STANDARD = gnu11;
				GCC_DYNAMIC_NO_PIC = NO;
				GCC_NO_COMMON_BLOCKS = YES;
				GCC_OPTIMIZATION_LEVEL = 0;
				GCC_PREPROCESSOR_DEFINITIONS = (
					"DEBUG=1",
					"$(inherited)",
				);
				GCC_WARN_64_TO_32_BIT_CONVERSION = YES;
				GCC_WARN_ABOUT_RETURN_TYPE = YES_ERROR;
				GCC_WARN_UNDECLARED_SELECTOR = YES;
				GCC_WARN_UNINITIALIZED_AUTOS = YES_AGGRESSIVE;
				GCC_WARN_UNUSED_FUNCTION = YES;
				GCC_WARN_UNUSED_VARIABLE = YES;
				IPHONEOS_DEPLOYMENT_TARGET = 13.0;
				MTL_ENABLE_DEBUG_INFO = INCLUDE_SOURCE;
				MTL_FAST_MATH = YES;
				ONLY_ACTIVE_ARCH = YES;
				SDKROOT = iphoneos;
				SWIFT_ACTIVE_COMPILATION_CONDITIONS = DEBUG;
				SWIFT_OPTIMIZATION_LEVEL = "-Onone";
			};
			name = Debug;
		};
		6626062E2455A92B00FDA490 /* Release */ = {
			isa = XCBuildConfiguration;
			buildSettings = {
				ALWAYS_SEARCH_USER_PATHS = NO;
				CLANG_ANALYZER_NONNULL = YES;
				CLANG_ANALYZER_NUMBER_OBJECT_CONVERSION = YES_AGGRESSIVE;
				CLANG_CXX_LANGUAGE_STANDARD = "gnu++14";
				CLANG_CXX_LIBRARY = "libc++";
				CLANG_ENABLE_MODULES = YES;
				CLANG_ENABLE_OBJC_ARC = YES;
				CLANG_ENABLE_OBJC_WEAK = YES;
				CLANG_WARN_BLOCK_CAPTURE_AUTORELEASING = YES;
				CLANG_WARN_BOOL_CONVERSION = YES;
				CLANG_WARN_COMMA = YES;
				CLANG_WARN_CONSTANT_CONVERSION = YES;
				CLANG_WARN_DEPRECATED_OBJC_IMPLEMENTATIONS = YES;
				CLANG_WARN_DIRECT_OBJC_ISA_USAGE = YES_ERROR;
				CLANG_WARN_DOCUMENTATION_COMMENTS = YES;
				CLANG_WARN_EMPTY_BODY = YES;
				CLANG_WARN_ENUM_CONVERSION = YES;
				CLANG_WARN_INFINITE_RECURSION = YES;
				CLANG_WARN_INT_CONVERSION = YES;
				CLANG_WARN_NON_LITERAL_NULL_CONVERSION = YES;
				CLANG_WARN_OBJC_IMPLICIT_RETAIN_SELF = YES;
				CLANG_WARN_OBJC_LITERAL_CONVERSION = YES;
				CLANG_WARN_OBJC_ROOT_CLASS = YES_ERROR;
				CLANG_WARN_RANGE_LOOP_ANALYSIS = YES;
				CLANG_WARN_STRICT_PROTOTYPES = YES;
				CLANG_WARN_SUSPICIOUS_MOVE = YES;
				CLANG_WARN_UNGUARDED_AVAILABILITY = YES_AGGRESSIVE;
				CLANG_WARN_UNREACHABLE_CODE = YES;
				CLANG_WARN__DUPLICATE_METHOD_MATCH = YES;
				COPY_PHASE_STRIP = NO;
				DEBUG_INFORMATION_FORMAT = "dwarf-with-dsym";
				ENABLE_NS_ASSERTIONS = NO;
				ENABLE_STRICT_OBJC_MSGSEND = YES;
				GCC_C_LANGUAGE_STANDARD = gnu11;
				GCC_NO_COMMON_BLOCKS = YES;
				GCC_WARN_64_TO_32_BIT_CONVERSION = YES;
				GCC_WARN_ABOUT_RETURN_TYPE = YES_ERROR;
				GCC_WARN_UNDECLARED_SELECTOR = YES;
				GCC_WARN_UNINITIALIZED_AUTOS = YES_AGGRESSIVE;
				GCC_WARN_UNUSED_FUNCTION = YES;
				GCC_WARN_UNUSED_VARIABLE = YES;
				IPHONEOS_DEPLOYMENT_TARGET = 13.0;
				MTL_ENABLE_DEBUG_INFO = NO;
				MTL_FAST_MATH = YES;
				SDKROOT = iphoneos;
				SWIFT_COMPILATION_MODE = wholemodule;
				SWIFT_OPTIMIZATION_LEVEL = "-O";
				VALIDATE_PRODUCT = YES;
			};
			name = Release;
		};
		662606302455A92B00FDA490 /* Debug */ = {
			isa = XCBuildConfiguration;
			buildSettings = {
				ASSETCATALOG_COMPILER_APPICON_NAME = AppIcon;
				CODE_SIGN_STYLE = Automatic;
				INFOPLIST_FILE = LinarcTask/Info.plist;
				LD_RUNPATH_SEARCH_PATHS = (
					"$(inherited)",
					"@executable_path/Frameworks",
				);
				PRODUCT_BUNDLE_IDENTIFIER = com.mobex.LinarcTask;
				PRODUCT_NAME = "$(TARGET_NAME)";
				SWIFT_VERSION = 5.0;
				TARGETED_DEVICE_FAMILY = "1,2";
			};
			name = Debug;
		};
		662606312455A92B00FDA490 /* Release */ = {
			isa = XCBuildConfiguration;
			buildSettings = {
				ASSETCATALOG_COMPILER_APPICON_NAME = AppIcon;
				CODE_SIGN_STYLE = Automatic;
				INFOPLIST_FILE = LinarcTask/Info.plist;
				LD_RUNPATH_SEARCH_PATHS = (
					"$(inherited)",
					"@executable_path/Frameworks",
				);
				PRODUCT_BUNDLE_IDENTIFIER = com.mobex.LinarcTask;
				PRODUCT_NAME = "$(TARGET_NAME)";
				SWIFT_VERSION = 5.0;
				TARGETED_DEVICE_FAMILY = "1,2";
			};
			name = Release;
		};
/* End XCBuildConfiguration section */

/* Begin XCConfigurationList section */
		662606162455A92900FDA490 /* Build configuration list for PBXProject "LinarcTask" */ = {
			isa = XCConfigurationList;
			buildConfigurations = (
				6626062D2455A92B00FDA490 /* Debug */,
				6626062E2455A92B00FDA490 /* Release */,
			);
			defaultConfigurationIsVisible = 0;
			defaultConfigurationName = Release;
		};
		6626062F2455A92B00FDA490 /* Build configuration list for PBXNativeTarget "LinarcTask" */ = {
			isa = XCConfigurationList;
			buildConfigurations = (
				662606302455A92B00FDA490 /* Debug */,
				662606312455A92B00FDA490 /* Release */,
			);
			defaultConfigurationIsVisible = 0;
			defaultConfigurationName = Release;
		};
/* End XCConfigurationList section */
	};
	rootObject = 662606132455A92900FDA490 /* Project object */;
}
